
Microsoft Visual Studio Solution File, Format Version 12.00
# Visual Studio Version 16
VisualStudioVersion = 16.0.30011.22
MinimumVisualStudioVersion = 10.0.40219.1
Project("{FAE04EC0-301F-11D3-BF4B-00C04F79EFBC}") = "ViewerBuilder", "ViewerBuilder.csproj", "{39D8CFF4-0181-48C0-AEE5-B866B5C13110}"
EndProject
Global
	GlobalSection(SolutionConfigurationPlatforms) = preSolution
		Debug|Any CPU = Debug|Any CPU
		Release|Any CPU = Release|Any CPU
	EndGlobalSection
	GlobalSection(ProjectConfigurationPlatforms) = postSolution
		{39D8CFF4-0181-48C0-AEE5-B866B5C13110}.Debug|Any CPU.ActiveCfg = Debug|Any CPU
		{39D8CFF4-0181-48C0-AEE5-B866B5C13110}.Debug|Any CPU.Build.0 = Debug|Any CPU
		{39D8CFF4-0181-48C0-AEE5-B866B5C13110}.Release|Any CPU.ActiveCfg = Release|Any CPU
		{39D8CFF4-0181-48C0-AEE5-B866B5C13110}.Release|Any CPU.Build.0 = Release|Any CPU
	EndGlobalSection
	GlobalSection(SolutionProperties) = preSolution
		HideSolutionNode = FALSE
	EndGlobalSection
	GlobalSection(ExtensibilityGlobals) = postSolution
		SolutionGuid = {1E03C6DC-B238-4219-8CBA-A14E2DF24ACB}
	EndGlobalSection
EndGlobal
